
Microsoft Visual Studio Solution File, Format Version 12.00
# Visual Studio Version 17
VisualStudioVersion = 17.11.35327.3
MinimumVisualStudioVersion = 10.0.40219.1
Project("{FAE04EC0-301F-11D3-BF4B-00C04F79EFBC}") = "ATM2", "ATM2.csproj", "{D7D6E4E5-CD14-44E3-AB17-CE87F73B1EE5}"
EndProject
Global
	GlobalSection(SolutionConfigurationPlatforms) = preSolution
		Debug|Any CPU = Debug|Any CPU
		Release|Any CPU = Release|Any CPU
	EndGlobalSection
	GlobalSection(ProjectConfigurationPlatforms) = postSolution
		{D7D6E4E5-CD14-44E3-AB17-CE87F73B1EE5}.Debug|Any CPU.ActiveCfg = Debug|Any CPU
		{D7D6E4E5-CD14-44E3-AB17-CE87F73B1EE5}.Debug|Any CPU.Build.0 = Debug|Any CPU
		{D7D6E4E5-CD14-44E3-AB17-CE87F73B1EE5}.Release|Any CPU.ActiveCfg = Release|Any CPU
		{D7D6E4E5-CD14-44E3-AB17-CE87F73B1EE5}.Release|Any CPU.Build.0 = Release|Any CPU
	EndGlobalSection
	GlobalSection(SolutionProperties) = preSolution
		HideSolutionNode = FALSE
	EndGlobalSection
	GlobalSection(ExtensibilityGlobals) = postSolution
		SolutionGuid = {C8EB1963-1005-49B4-80A1-2F000EA91EEF}
	EndGlobalSection
EndGlobal
